
Microsoft Visual Studio Solution File, Format Version 12.00
# Visual Studio Version 16
VisualStudioVersion = 16.0.31402.337
MinimumVisualStudioVersion = 10.0.40219.1
Project("{FAE04EC0-301F-11D3-BF4B-00C04F79EFBC}") = "RestauranteEtec", "RestauranteEtec\RestauranteEtec.csproj", "{146763B2-AD0C-45F0-9835-5158763DABD3}"
EndProject
Global
	GlobalSection(SolutionConfigurationPlatforms) = preSolution
		Debug|Any CPU = Debug|Any CPU
		Release|Any CPU = Release|Any CPU
	EndGlobalSection
	GlobalSection(ProjectConfigurationPlatforms) = postSolution
		{146763B2-AD0C-45F0-9835-5158763DABD3}.Debug|Any CPU.ActiveCfg = Debug|Any CPU
		{146763B2-AD0C-45F0-9835-5158763DABD3}.Debug|Any CPU.Build.0 = Debug|Any CPU
		{146763B2-AD0C-45F0-9835-5158763DABD3}.Release|Any CPU.ActiveCfg = Release|Any CPU
		{146763B2-AD0C-45F0-9835-5158763DABD3}.Release|Any CPU.Build.0 = Release|Any CPU
	EndGlobalSection
	GlobalSection(SolutionProperties) = preSolution
		HideSolutionNode = FALSE
	EndGlobalSection
	GlobalSection(ExtensibilityGlobals) = postSolution
		SolutionGuid = {276A1761-7FA5-4C58-A3F3-C2D4D3226372}
	EndGlobalSection
EndGlobal
